
Microsoft Visual Studio Solution File, Format Version 12.00
# Visual Studio Version 17
VisualStudioVersion = 17.4.33110.190
MinimumVisualStudioVersion = 10.0.40219.1
Project("{FAE04EC0-301F-11D3-BF4B-00C04F79EFBC}") = "PostViewer.Api", "PostViewer.Api.csproj", "{3846B1F7-0040-4230-8C88-E952E5BE1F7D}"
EndProject
Global
	GlobalSection(SolutionConfigurationPlatforms) = preSolution
		Debug|Any CPU = Debug|Any CPU
		Release|Any CPU = Release|Any CPU
	EndGlobalSection
	GlobalSection(ProjectConfigurationPlatforms) = postSolution
		{3846B1F7-0040-4230-8C88-E952E5BE1F7D}.Debug|Any CPU.ActiveCfg = Debug|Any CPU
		{3846B1F7-0040-4230-8C88-E952E5BE1F7D}.Debug|Any CPU.Build.0 = Debug|Any CPU
		{3846B1F7-0040-4230-8C88-E952E5BE1F7D}.Release|Any CPU.ActiveCfg = Release|Any CPU
		{3846B1F7-0040-4230-8C88-E952E5BE1F7D}.Release|Any CPU.Build.0 = Release|Any CPU
	EndGlobalSection
	GlobalSection(SolutionProperties) = preSolution
		HideSolutionNode = FALSE
	EndGlobalSection
	GlobalSection(ExtensibilityGlobals) = postSolution
		SolutionGuid = {866F7D0E-F501-453A-917F-4A2679435F7A}
	EndGlobalSection
EndGlobal
